<?xml version="1.0" encoding="utf-8"?>
<Project ToolsVersion="4.0" xmlns="http://schemas.microsoft.com/developer/msbuild/2003">
  <ItemGroup>
    <Filter Include="_arSocket">
      <UniqueIdentifier>{8a1d3858-a4d1-4baa-887c-48915ad432cc}</UniqueIdentifier>
    </Filter>
    <Filter Include="scene">
      <UniqueIdentifier>{6a6431aa-12ec-4a32-82ef-fa6afa7852c0}</UniqueIdentifier>
    </Filter>
    <Filter Include="scene\vir">
      <UniqueIdentifier>{3fd18a42-e3a9-4a1b-bb32-4b77c506672f}</UniqueIdentifier>
    </Filter>
  </ItemGroup>
  <ItemGroup>
    <ClInclude Include="stdafx.h" />
    <ClInclude Include="..\..\arSocket.h">
      <Filter>_arSocket</Filter>
    </ClInclude>
    <ClInclude Include="ChatRoomMessenger.h" />
    <ClInclude Include="..\..\arJSON.h">
      <Filter>_arSocket</Filter>
    </ClInclude>
    <ClInclude Include="..\..\arSocket.inl">
      <Filter>_arSocket</Filter>
    </ClInclude>
    <ClInclude Include="..\..\arJSON.inl">
      <Filter>_arSocket</Filter>
    </ClInclude>
    <ClInclude Include="scene.h">
      <Filter>scene\vir</Filter>
    </ClInclude>
    <ClInclude Include="scn_login.h">
      <Filter>scene</Filter>
    </ClInclude>
    <ClInclude Include="CmdTokener.h" />
    <ClInclude Include="scn_lobby.h">
      <Filter>scene</Filter>
    </ClInclude>
    <ClInclude Include="Singleton.h" />
    <ClInclude Include="SceneManager.h" />
    <ClInclude Include="..\..\JSON_Based_Socket.h">
      <Filter>_arSocket</Filter>
    </ClInclude>
    <ClInclude Include="..\..\AsyncConnector.h">
      <Filter>_arSocket</Filter>
    </ClInclude>
    <ClInclude Include="Blocker.h" />
    <ClInclude Include="..\..\SocketReciver.h">
      <Filter>_arSocket</Filter>
    </ClInclude>
    <ClInclude Include="scn_room.h">
      <Filter>scene</Filter>
    </ClInclude>
  </ItemGroup>
  <ItemGroup>
    <ClCompile Include="stdafx.cpp" />
    <ClCompile Include="main.cpp" />
    <ClCompile Include="..\..\arSocket.cpp">
      <Filter>_arSocket</Filter>
    </ClCompile>
    <ClCompile Include="ChatRoomMessenger.cpp" />
    <ClCompile Include="..\..\arJSON.cpp">
      <Filter>_arSocket</Filter>
    </ClCompile>
    <ClCompile Include="scene.cpp">
      <Filter>scene\vir</Filter>
    </ClCompile>
    <ClCompile Include="scn_login.cpp">
      <Filter>scene</Filter>
    </ClCompile>
    <ClCompile Include="CmdTokener.cpp" />
    <ClCompile Include="scn_lobby.cpp">
      <Filter>scene</Filter>
    </ClCompile>
    <ClCompile Include="Singleton.cpp" />
    <ClCompile Include="SceneManager.cpp" />
    <ClCompile Include="..\..\JSON_Based_Socket.cpp">
      <Filter>_arSocket</Filter>
    </ClCompile>
    <ClCompile Include="..\..\AsyncConnector.cpp">
      <Filter>_arSocket</Filter>
    </ClCompile>
    <ClCompile Include="Blocker.cpp" />
    <ClCompile Include="..\..\SocketReciver.cpp">
      <Filter>_arSocket</Filter>
    </ClCompile>
    <ClCompile Include="scn_room.cpp">
      <Filter>scene</Filter>
    </ClCompile>
  </ItemGroup>
</Project>